
Microsoft Visual Studio Solution File, Format Version 12.00
# Visual Studio Version 17
VisualStudioVersion = 17.14.36414.22
MinimumVisualStudioVersion = 10.0.40219.1
Project("{FAE04EC0-301F-11D3-BF4B-00C04F79EFBC}") = "PacWoman", "PacWoman.csproj", "{D248F324-C6F8-4F83-8B4C-4047CBDFEB46}"
EndProject
Project("{FAE04EC0-301F-11D3-BF4B-00C04F79EFBC}") = "GameEngine", "GetEngine\GameEngine.csproj", "{69B89E06-2DB4-4902-ADD2-FF239C1C852C}"
EndProject
Project("{FAE04EC0-301F-11D3-BF4B-00C04F79EFBC}") = "DateBaseProject", "DateBaseProject\DateBaseProject.csproj", "{354BE05A-FCB4-45B4-8B96-10B7237040B5}"
EndProject
Global
	GlobalSection(SolutionConfigurationPlatforms) = preSolution
		Debug|ARM = Debug|ARM
		Debug|ARM64 = Debug|ARM64
		Debug|x64 = Debug|x64
		Debug|x86 = Debug|x86
		Release|ARM = Release|ARM
		Release|ARM64 = Release|ARM64
		Release|x64 = Release|x64
		Release|x86 = Release|x86
	EndGlobalSection
	GlobalSection(ProjectConfigurationPlatforms) = postSolution
		{D248F324-C6F8-4F83-8B4C-4047CBDFEB46}.Debug|ARM.ActiveCfg = Debug|ARM
		{D248F324-C6F8-4F83-8B4C-4047CBDFEB46}.Debug|ARM.Build.0 = Debug|ARM
		{D248F324-C6F8-4F83-8B4C-4047CBDFEB46}.Debug|ARM.Deploy.0 = Debug|ARM
		{D248F324-C6F8-4F83-8B4C-4047CBDFEB46}.Debug|ARM64.ActiveCfg = Debug|ARM64
		{D248F324-C6F8-4F83-8B4C-4047CBDFEB46}.Debug|ARM64.Build.0 = Debug|ARM64
		{D248F324-C6F8-4F83-8B4C-4047CBDFEB46}.Debug|ARM64.Deploy.0 = Debug|ARM64
		{D248F324-C6F8-4F83-8B4C-4047CBDFEB46}.Debug|x64.ActiveCfg = Debug|x64
		{D248F324-C6F8-4F83-8B4C-4047CBDFEB46}.Debug|x64.Build.0 = Debug|x64
		{D248F324-C6F8-4F83-8B4C-4047CBDFEB46}.Debug|x64.Deploy.0 = Debug|x64
		{D248F324-C6F8-4F83-8B4C-4047CBDFEB46}.Debug|x86.ActiveCfg = Debug|x86
		{D248F324-C6F8-4F83-8B4C-4047CBDFEB46}.Debug|x86.Build.0 = Debug|x86
		{D248F324-C6F8-4F83-8B4C-4047CBDFEB46}.Debug|x86.Deploy.0 = Debug|x86
		{D248F324-C6F8-4F83-8B4C-4047CBDFEB46}.Release|ARM.ActiveCfg = Release|ARM
		{D248F324-C6F8-4F83-8B4C-4047CBDFEB46}.Release|ARM.Build.0 = Release|ARM
		{D248F324-C6F8-4F83-8B4C-4047CBDFEB46}.Release|ARM.Deploy.0 = Release|ARM
		{D248F324-C6F8-4F83-8B4C-4047CBDFEB46}.Release|ARM64.ActiveCfg = Release|ARM64
		{D248F324-C6F8-4F83-8B4C-4047CBDFEB46}.Release|ARM64.Build.0 = Release|ARM64
		{D248F324-C6F8-4F83-8B4C-4047CBDFEB46}.Release|ARM64.Deploy.0 = Release|ARM64
		{D248F324-C6F8-4F83-8B4C-4047CBDFEB46}.Release|x64.ActiveCfg = Release|x64
		{D248F324-C6F8-4F83-8B4C-4047CBDFEB46}.Release|x64.Build.0 = Release|x64
		{D248F324-C6F8-4F83-8B4C-4047CBDFEB46}.Release|x64.Deploy.0 = Release|x64
		{D248F324-C6F8-4F83-8B4C-4047CBDFEB46}.Release|x86.ActiveCfg = Release|x86
		{D248F324-C6F8-4F83-8B4C-4047CBDFEB46}.Release|x86.Build.0 = Release|x86
		{D248F324-C6F8-4F83-8B4C-4047CBDFEB46}.Release|x86.Deploy.0 = Release|x86
		{69B89E06-2DB4-4902-ADD2-FF239C1C852C}.Debug|ARM.ActiveCfg = Debug|ARM
		{69B89E06-2DB4-4902-ADD2-FF239C1C852C}.Debug|ARM.Build.0 = Debug|ARM
		{69B89E06-2DB4-4902-ADD2-FF239C1C852C}.Debug|ARM64.ActiveCfg = Debug|ARM64
		{69B89E06-2DB4-4902-ADD2-FF239C1C852C}.Debug|ARM64.Build.0 = Debug|ARM64
		{69B89E06-2DB4-4902-ADD2-FF239C1C852C}.Debug|x64.ActiveCfg = Debug|x64
		{69B89E06-2DB4-4902-ADD2-FF239C1C852C}.Debug|x64.Build.0 = Debug|x64
		{69B89E06-2DB4-4902-ADD2-FF239C1C852C}.Debug|x86.ActiveCfg = Debug|x86
		{69B89E06-2DB4-4902-ADD2-FF239C1C852C}.Debug|x86.Build.0 = Debug|x86
		{69B89E06-2DB4-4902-ADD2-FF239C1C852C}.Release|ARM.ActiveCfg = Release|ARM
		{69B89E06-2DB4-4902-ADD2-FF239C1C852C}.Release|ARM.Build.0 = Release|ARM
		{69B89E06-2DB4-4902-ADD2-FF239C1C852C}.Release|ARM64.ActiveCfg = Release|ARM64
		{69B89E06-2DB4-4902-ADD2-FF239C1C852C}.Release|ARM64.Build.0 = Release|ARM64
		{69B89E06-2DB4-4902-ADD2-FF239C1C852C}.Release|x64.ActiveCfg = Release|x64
		{69B89E06-2DB4-4902-ADD2-FF239C1C852C}.Release|x64.Build.0 = Release|x64
		{69B89E06-2DB4-4902-ADD2-FF239C1C852C}.Release|x86.ActiveCfg = Release|x86
		{69B89E06-2DB4-4902-ADD2-FF239C1C852C}.Release|x86.Build.0 = Release|x86
		{354BE05A-FCB4-45B4-8B96-10B7237040B5}.Debug|ARM.ActiveCfg = Debug|ARM
		{354BE05A-FCB4-45B4-8B96-10B7237040B5}.Debug|ARM.Build.0 = Debug|ARM
		{354BE05A-FCB4-45B4-8B96-10B7237040B5}.Debug|ARM64.ActiveCfg = Debug|ARM64
		{354BE05A-FCB4-45B4-8B96-10B7237040B5}.Debug|ARM64.Build.0 = Debug|ARM64
		{354BE05A-FCB4-45B4-8B96-10B7237040B5}.Debug|x64.ActiveCfg = Debug|x64
		{354BE05A-FCB4-45B4-8B96-10B7237040B5}.Debug|x64.Build.0 = Debug|x64
		{354BE05A-FCB4-45B4-8B96-10B7237040B5}.Debug|x86.ActiveCfg = Debug|x86
		{354BE05A-FCB4-45B4-8B96-10B7237040B5}.Debug|x86.Build.0 = Debug|x86
		{354BE05A-FCB4-45B4-8B96-10B7237040B5}.Release|ARM.ActiveCfg = Release|ARM
		{354BE05A-FCB4-45B4-8B96-10B7237040B5}.Release|ARM.Build.0 = Release|ARM
		{354BE05A-FCB4-45B4-8B96-10B7237040B5}.Release|ARM64.ActiveCfg = Release|ARM64
		{354BE05A-FCB4-45B4-8B96-10B7237040B5}.Release|ARM64.Build.0 = Release|ARM64
		{354BE05A-FCB4-45B4-8B96-10B7237040B5}.Release|x64.ActiveCfg = Release|x64
		{354BE05A-FCB4-45B4-8B96-10B7237040B5}.Release|x64.Build.0 = Release|x64
		{354BE05A-FCB4-45B4-8B96-10B7237040B5}.Release|x86.ActiveCfg = Release|x86
		{354BE05A-FCB4-45B4-8B96-10B7237040B5}.Release|x86.Build.0 = Release|x86
	EndGlobalSection
	GlobalSection(SolutionProperties) = preSolution
		HideSolutionNode = FALSE
	EndGlobalSection
	GlobalSection(ExtensibilityGlobals) = postSolution
		SolutionGuid = {A99FE989-E731-4E72-ACD5-903EFDB19C02}
	EndGlobalSection
EndGlobal
